
Microsoft Visual Studio Solution File, Format Version 12.00
# Visual Studio Version 17
VisualStudioVersion = 17.11.35222.181
MinimumVisualStudioVersion = 10.0.40219.1
Project("{9A19103F-16F7-4668-BE54-9A1E7A4F7556}") = "Tyuiu.SyrtsovaSA.Sprint2.Task0.V22", "Tyuiu.SyrtsovaSA.Sprint2.Task0.V22\Tyuiu.SyrtsovaSA.Sprint2.Task0.V22.csproj", "{01787FE6-13FB-4975-A83F-D3EADE536DAB}"
EndProject
Project("{9A19103F-16F7-4668-BE54-9A1E7A4F7556}") = "Tyuiu.SyrtsovaSA.Sprint2.Task0.V22.Lib", "Tyuiu.SyrtsovaSA.Sprint2.Task0.V22.Lib\Tyuiu.SyrtsovaSA.Sprint2.Task0.V22.Lib.csproj", "{8515103B-1650-4CD1-B17D-FF51FC6016BE}"
EndProject
Project("{9A19103F-16F7-4668-BE54-9A1E7A4F7556}") = "Tyuiu.SyrtsovaSA.Sprint2.Task0.V22.Test", "Tyuiu.SyrtsovaSA.Sprint2.Task0.V22.Test\Tyuiu.SyrtsovaSA.Sprint2.Task0.V22.Test.csproj", "{1F665645-3322-4803-AD13-C163543BB534}"
EndProject
Project("{2150E333-8FDC-42A3-9474-1A3956D46DE8}") = "Task1", "Task1", "{44324B71-61F5-43D5-AA3E-C13DFCC43C8A}"
EndProject
Project("{9A19103F-16F7-4668-BE54-9A1E7A4F7556}") = "Tyuiu.SyrtsovaSA.Sprint2.Task1.V6", "Tyuiu.SyrtsovaSA.Sprint2.Task1.V6\Tyuiu.SyrtsovaSA.Sprint2.Task1.V6.csproj", "{8B461C48-AE87-4840-A514-3F5D63FA2263}"
EndProject
Project("{9A19103F-16F7-4668-BE54-9A1E7A4F7556}") = "Tyuiu.SyrtsovaSA.Sprint2.Task1.V6.Lib", "Tyuiu.SyrtsovaSA.Sprint2.Task1.V6.Lib\Tyuiu.SyrtsovaSA.Sprint2.Task1.V6.Lib.csproj", "{5D362634-9A81-4F21-9F29-01AA57B7B90E}"
EndProject
Project("{9A19103F-16F7-4668-BE54-9A1E7A4F7556}") = "Tyuiu.SyrtsovaSA.Sprint2.Task1.V6.Test", "Tyuiu.SyrtsovaSA.Sprint2.Task1.V6.Test\Tyuiu.SyrtsovaSA.Sprint2.Task1.V6.Test.csproj", "{28A5C823-284A-4440-AD90-41F2A1E62541}"
EndProject
Project("{2150E333-8FDC-42A3-9474-1A3956D46DE8}") = "Task0", "Task0", "{DB7FFFAA-A153-4482-B5F8-B4C1765F3C17}"
EndProject
Project("{2150E333-8FDC-42A3-9474-1A3956D46DE8}") = "Task2", "Task2", "{2224C973-4D0B-4D84-9740-8010E4499815}"
EndProject
Project("{9A19103F-16F7-4668-BE54-9A1E7A4F7556}") = "Tyuiu.SyrtsovaSA.Sprint2.Task2.V22", "Tyuiu.SyrtsovaSA.Sprint2.Task2.V22\Tyuiu.SyrtsovaSA.Sprint2.Task2.V22.csproj", "{042103C9-3C6E-4324-B1CB-65473E09227F}"
EndProject
Project("{9A19103F-16F7-4668-BE54-9A1E7A4F7556}") = "Tyuiu.SyrtsovaSA.Sprint2.Task2.V22.Lib", "Tyuiu.SyrtsovaSA.Sprint2.Task2.V22.Lib\Tyuiu.SyrtsovaSA.Sprint2.Task2.V22.Lib.csproj", "{0FEABF67-9944-41C6-B98D-178583EAD77F}"
EndProject
Project("{9A19103F-16F7-4668-BE54-9A1E7A4F7556}") = "Tyuiu.SyrtsovaSA.Sprint2.Task2.V22.Test", "Tyuiu.SyrtsovaSA.Sprint2.Task2.V22.Test\Tyuiu.SyrtsovaSA.Sprint2.Task2.V22.Test.csproj", "{68F36768-064B-4260-8A6A-CAF1197C8440}"
EndProject
Project("{2150E333-8FDC-42A3-9474-1A3956D46DE8}") = "Task3", "Task3", "{37FE53C8-D812-463B-BFDA-4AC7F397CB9E}"
EndProject
Project("{9A19103F-16F7-4668-BE54-9A1E7A4F7556}") = "Tyuiu.SyrtsovaSA.Sprint2.Task3.V18", "Tyuiu.SyrtsovaSA.Sprint2.Task3.V18\Tyuiu.SyrtsovaSA.Sprint2.Task3.V18.csproj", "{7EFDD17B-B254-4F91-8CED-C08096BFC65F}"
EndProject
Project("{9A19103F-16F7-4668-BE54-9A1E7A4F7556}") = "Tyuiu.SyrtsovaSA.Sprint2.Task3.V18.Lib", "Tyuiu.SyrtsovaSA.Sprint2.Task3.V18.Lib\Tyuiu.SyrtsovaSA.Sprint2.Task3.V18.Lib.csproj", "{09026104-DE94-4062-8E38-4408FEA74E55}"
EndProject
Project("{9A19103F-16F7-4668-BE54-9A1E7A4F7556}") = "Tyuiu.SyrtsovaSA.Sprint2.Task3.V18.Test", "Tyuiu.SyrtsovaSA.Sprint2.Task3.V18.Test\Tyuiu.SyrtsovaSA.Sprint2.Task3.V18.Test.csproj", "{50A316BC-176A-4B81-9005-04658764CA91}"
EndProject
Project("{2150E333-8FDC-42A3-9474-1A3956D46DE8}") = "Task4", "Task4", "{F4B1FE7F-049F-4CB4-A958-2607FD4C5520}"
EndProject
Project("{9A19103F-16F7-4668-BE54-9A1E7A4F7556}") = "Tyuiu.SyrtsovaSA.Sprint2.Task4.V5", "Tyuiu.SyrtsovaSA.Sprint2.Task4.V5\Tyuiu.SyrtsovaSA.Sprint2.Task4.V5.csproj", "{4AD11253-24BD-4457-8C49-A23F3EA6E0CC}"
EndProject
Project("{9A19103F-16F7-4668-BE54-9A1E7A4F7556}") = "Tyuiu.SyrtsovaSA.Sprint2.Task4.V5.Lib", "Tyuiu.SyrtsovaSA.Sprint2.Task4.V5.Lib\Tyuiu.SyrtsovaSA.Sprint2.Task4.V5.Lib.csproj", "{92D21A54-68B9-4588-B60B-6755E1DDEBA6}"
EndProject
Project("{9A19103F-16F7-4668-BE54-9A1E7A4F7556}") = "Tyuiu.SyrtsovaSA.Sprint2.Task4.V5.Test", "Tyuiu.SyrtsovaSA.Sprint2.Task4.V5.Test\Tyuiu.SyrtsovaSA.Sprint2.Task4.V5.Test.csproj", "{10616F04-686B-40C3-A2ED-E2C8ADC9F1BF}"
EndProject
Project("{2150E333-8FDC-42A3-9474-1A3956D46DE8}") = "Task5", "Task5", "{11E5B1C2-2D84-4D78-B130-52D7350A45DF}"
EndProject
Project("{9A19103F-16F7-4668-BE54-9A1E7A4F7556}") = "Tyuiu.SyrtsovaSA.Sprint2.Task5.V7", "Tyuiu.SyrtsovaSA.Sprint2.Task5.V7\Tyuiu.SyrtsovaSA.Sprint2.Task5.V7.csproj", "{E11D5C1A-D523-4C6B-A819-E038E4483690}"
EndProject
Project("{9A19103F-16F7-4668-BE54-9A1E7A4F7556}") = "Tyuiu.SyrtsovaSA.Sprint2.Task5.V7.Test", "Tyuiu.SyrtsovaSA.Sprint2.Task5.V7.Test\Tyuiu.SyrtsovaSA.Sprint2.Task5.V7.Test.csproj", "{9092EEF5-F497-47BF-9A82-40EF6D637344}"
EndProject
Project("{FAE04EC0-301F-11D3-BF4B-00C04F79EFBC}") = "Tyuiu.SyrtsovaSA.Sprint2.Task5.V7.Lib", "Tyuiu.SyrtsovaSA.Sprint2.Task5.V7.Lib\Tyuiu.SyrtsovaSA.Sprint2.Task5.V7.Lib.csproj", "{5F26103D-E0A0-40BC-81D9-5601A8088294}"
EndProject
Global
	GlobalSection(SolutionConfigurationPlatforms) = preSolution
		Debug|Any CPU = Debug|Any CPU
		Release|Any CPU = Release|Any CPU
	EndGlobalSection
	GlobalSection(ProjectConfigurationPlatforms) = postSolution
		{01787FE6-13FB-4975-A83F-D3EADE536DAB}.Debug|Any CPU.ActiveCfg = Debug|Any CPU
		{01787FE6-13FB-4975-A83F-D3EADE536DAB}.Debug|Any CPU.Build.0 = Debug|Any CPU
		{01787FE6-13FB-4975-A83F-D3EADE536DAB}.Release|Any CPU.ActiveCfg = Release|Any CPU
		{01787FE6-13FB-4975-A83F-D3EADE536DAB}.Release|Any CPU.Build.0 = Release|Any CPU
		{8515103B-1650-4CD1-B17D-FF51FC6016BE}.Debug|Any CPU.ActiveCfg = Debug|Any CPU
		{8515103B-1650-4CD1-B17D-FF51FC6016BE}.Debug|Any CPU.Build.0 = Debug|Any CPU
		{8515103B-1650-4CD1-B17D-FF51FC6016BE}.Release|Any CPU.ActiveCfg = Release|Any CPU
		{8515103B-1650-4CD1-B17D-FF51FC6016BE}.Release|Any CPU.Build.0 = Release|Any CPU
		{1F665645-3322-4803-AD13-C163543BB534}.Debug|Any CPU.ActiveCfg = Debug|Any CPU
		{1F665645-3322-4803-AD13-C163543BB534}.Debug|Any CPU.Build.0 = Debug|Any CPU
		{1F665645-3322-4803-AD13-C163543BB534}.Release|Any CPU.ActiveCfg = Release|Any CPU
		{1F665645-3322-4803-AD13-C163543BB534}.Release|Any CPU.Build.0 = Release|Any CPU
		{8B461C48-AE87-4840-A514-3F5D63FA2263}.Debug|Any CPU.ActiveCfg = Debug|Any CPU
		{8B461C48-AE87-4840-A514-3F5D63FA2263}.Debug|Any CPU.Build.0 = Debug|Any CPU
		{8B461C48-AE87-4840-A514-3F5D63FA2263}.Release|Any CPU.ActiveCfg = Release|Any CPU
		{8B461C48-AE87-4840-A514-3F5D63FA2263}.Release|Any CPU.Build.0 = Release|Any CPU
		{5D362634-9A81-4F21-9F29-01AA57B7B90E}.Debug|Any CPU.ActiveCfg = Debug|Any CPU
		{5D362634-9A81-4F21-9F29-01AA57B7B90E}.Debug|Any CPU.Build.0 = Debug|Any CPU
		{5D362634-9A81-4F21-9F29-01AA57B7B90E}.Release|Any CPU.ActiveCfg = Release|Any CPU
		{5D362634-9A81-4F21-9F29-01AA57B7B90E}.Release|Any CPU.Build.0 = Release|Any CPU
		{28A5C823-284A-4440-AD90-41F2A1E62541}.Debug|Any CPU.ActiveCfg = Debug|Any CPU
		{28A5C823-284A-4440-AD90-41F2A1E62541}.Debug|Any CPU.Build.0 = Debug|Any CPU
		{28A5C823-284A-4440-AD90-41F2A1E62541}.Release|Any CPU.ActiveCfg = Release|Any CPU
		{28A5C823-284A-4440-AD90-41F2A1E62541}.Release|Any CPU.Build.0 = Release|Any CPU
		{042103C9-3C6E-4324-B1CB-65473E09227F}.Debug|Any CPU.ActiveCfg = Debug|Any CPU
		{042103C9-3C6E-4324-B1CB-65473E09227F}.Debug|Any CPU.Build.0 = Debug|Any CPU
		{042103C9-3C6E-4324-B1CB-65473E09227F}.Release|Any CPU.ActiveCfg = Release|Any CPU
		{042103C9-3C6E-4324-B1CB-65473E09227F}.Release|Any CPU.Build.0 = Release|Any CPU
		{0FEABF67-9944-41C6-B98D-178583EAD77F}.Debug|Any CPU.ActiveCfg = Debug|Any CPU
		{0FEABF67-9944-41C6-B98D-178583EAD77F}.Debug|Any CPU.Build.0 = Debug|Any CPU
		{0FEABF67-9944-41C6-B98D-178583EAD77F}.Release|Any CPU.ActiveCfg = Release|Any CPU
		{0FEABF67-9944-41C6-B98D-178583EAD77F}.Release|Any CPU.Build.0 = Release|Any CPU
		{68F36768-064B-4260-8A6A-CAF1197C8440}.Debug|Any CPU.ActiveCfg = Debug|Any CPU
		{68F36768-064B-4260-8A6A-CAF1197C8440}.Debug|Any CPU.Build.0 = Debug|Any CPU
		{68F36768-064B-4260-8A6A-CAF1197C8440}.Release|Any CPU.ActiveCfg = Release|Any CPU
		{68F36768-064B-4260-8A6A-CAF1197C8440}.Release|Any CPU.Build.0 = Release|Any CPU
		{7EFDD17B-B254-4F91-8CED-C08096BFC65F}.Debug|Any CPU.ActiveCfg = Debug|Any CPU
		{7EFDD17B-B254-4F91-8CED-C08096BFC65F}.Debug|Any CPU.Build.0 = Debug|Any CPU
		{7EFDD17B-B254-4F91-8CED-C08096BFC65F}.Release|Any CPU.ActiveCfg = Release|Any CPU
		{7EFDD17B-B254-4F91-8CED-C08096BFC65F}.Release|Any CPU.Build.0 = Release|Any CPU
		{09026104-DE94-4062-8E38-4408FEA74E55}.Debug|Any CPU.ActiveCfg = Debug|Any CPU
		{09026104-DE94-4062-8E38-4408FEA74E55}.Debug|Any CPU.Build.0 = Debug|Any CPU
		{09026104-DE94-4062-8E38-4408FEA74E55}.Release|Any CPU.ActiveCfg = Release|Any CPU
		{09026104-DE94-4062-8E38-4408FEA74E55}.Release|Any CPU.Build.0 = Release|Any CPU
		{50A316BC-176A-4B81-9005-04658764CA91}.Debug|Any CPU.ActiveCfg = Debug|Any CPU
		{50A316BC-176A-4B81-9005-04658764CA91}.Debug|Any CPU.Build.0 = Debug|Any CPU
		{50A316BC-176A-4B81-9005-04658764CA91}.Release|Any CPU.ActiveCfg = Release|Any CPU
		{50A316BC-176A-4B81-9005-04658764CA91}.Release|Any CPU.Build.0 = Release|Any CPU
		{4AD11253-24BD-4457-8C49-A23F3EA6E0CC}.Debug|Any CPU.ActiveCfg = Debug|Any CPU
		{4AD11253-24BD-4457-8C49-A23F3EA6E0CC}.Debug|Any CPU.Build.0 = Debug|Any CPU
		{4AD11253-24BD-4457-8C49-A23F3EA6E0CC}.Release|Any CPU.ActiveCfg = Release|Any CPU
		{4AD11253-24BD-4457-8C49-A23F3EA6E0CC}.Release|Any CPU.Build.0 = Release|Any CPU
		{92D21A54-68B9-4588-B60B-6755E1DDEBA6}.Debug|Any CPU.ActiveCfg = Debug|Any CPU
		{92D21A54-68B9-4588-B60B-6755E1DDEBA6}.Debug|Any CPU.Build.0 = Debug|Any CPU
		{92D21A54-68B9-4588-B60B-6755E1DDEBA6}.Release|Any CPU.ActiveCfg = Release|Any CPU
		{92D21A54-68B9-4588-B60B-6755E1DDEBA6}.Release|Any CPU.Build.0 = Release|Any CPU
		{10616F04-686B-40C3-A2ED-E2C8ADC9F1BF}.Debug|Any CPU.ActiveCfg = Debug|Any CPU
		{10616F04-686B-40C3-A2ED-E2C8ADC9F1BF}.Debug|Any CPU.Build.0 = Debug|Any CPU
		{10616F04-686B-40C3-A2ED-E2C8ADC9F1BF}.Release|Any CPU.ActiveCfg = Release|Any CPU
		{10616F04-686B-40C3-A2ED-E2C8ADC9F1BF}.Release|Any CPU.Build.0 = Release|Any CPU
		{E11D5C1A-D523-4C6B-A819-E038E4483690}.Debug|Any CPU.ActiveCfg = Debug|Any CPU
		{E11D5C1A-D523-4C6B-A819-E038E4483690}.Debug|Any CPU.Build.0 = Debug|Any CPU
		{E11D5C1A-D523-4C6B-A819-E038E4483690}.Release|Any CPU.ActiveCfg = Release|Any CPU
		{E11D5C1A-D523-4C6B-A819-E038E4483690}.Release|Any CPU.Build.0 = Release|Any CPU
		{9092EEF5-F497-47BF-9A82-40EF6D637344}.Debug|Any CPU.ActiveCfg = Debug|Any CPU
		{9092EEF5-F497-47BF-9A82-40EF6D637344}.Debug|Any CPU.Build.0 = Debug|Any CPU
		{9092EEF5-F497-47BF-9A82-40EF6D637344}.Release|Any CPU.ActiveCfg = Release|Any CPU
		{9092EEF5-F497-47BF-9A82-40EF6D637344}.Release|Any CPU.Build.0 = Release|Any CPU
		{5F26103D-E0A0-40BC-81D9-5601A8088294}.Debug|Any CPU.ActiveCfg = Debug|Any CPU
		{5F26103D-E0A0-40BC-81D9-5601A8088294}.Debug|Any CPU.Build.0 = Debug|Any CPU
		{5F26103D-E0A0-40BC-81D9-5601A8088294}.Release|Any CPU.ActiveCfg = Release|Any CPU
		{5F26103D-E0A0-40BC-81D9-5601A8088294}.Release|Any CPU.Build.0 = Release|Any CPU
	EndGlobalSection
	GlobalSection(SolutionProperties) = preSolution
		HideSolutionNode = FALSE
	EndGlobalSection
	GlobalSection(NestedProjects) = preSolution
		{01787FE6-13FB-4975-A83F-D3EADE536DAB} = {DB7FFFAA-A153-4482-B5F8-B4C1765F3C17}
		{8515103B-1650-4CD1-B17D-FF51FC6016BE} = {DB7FFFAA-A153-4482-B5F8-B4C1765F3C17}
		{1F665645-3322-4803-AD13-C163543BB534} = {DB7FFFAA-A153-4482-B5F8-B4C1765F3C17}
		{8B461C48-AE87-4840-A514-3F5D63FA2263} = {44324B71-61F5-43D5-AA3E-C13DFCC43C8A}
		{5D362634-9A81-4F21-9F29-01AA57B7B90E} = {44324B71-61F5-43D5-AA3E-C13DFCC43C8A}
		{28A5C823-284A-4440-AD90-41F2A1E62541} = {44324B71-61F5-43D5-AA3E-C13DFCC43C8A}
		{042103C9-3C6E-4324-B1CB-65473E09227F} = {2224C973-4D0B-4D84-9740-8010E4499815}
		{0FEABF67-9944-41C6-B98D-178583EAD77F} = {2224C973-4D0B-4D84-9740-8010E4499815}
		{68F36768-064B-4260-8A6A-CAF1197C8440} = {2224C973-4D0B-4D84-9740-8010E4499815}
		{7EFDD17B-B254-4F91-8CED-C08096BFC65F} = {37FE53C8-D812-463B-BFDA-4AC7F397CB9E}
		{09026104-DE94-4062-8E38-4408FEA74E55} = {37FE53C8-D812-463B-BFDA-4AC7F397CB9E}
		{50A316BC-176A-4B81-9005-04658764CA91} = {37FE53C8-D812-463B-BFDA-4AC7F397CB9E}
		{4AD11253-24BD-4457-8C49-A23F3EA6E0CC} = {F4B1FE7F-049F-4CB4-A958-2607FD4C5520}
		{92D21A54-68B9-4588-B60B-6755E1DDEBA6} = {F4B1FE7F-049F-4CB4-A958-2607FD4C5520}
		{10616F04-686B-40C3-A2ED-E2C8ADC9F1BF} = {F4B1FE7F-049F-4CB4-A958-2607FD4C5520}
		{E11D5C1A-D523-4C6B-A819-E038E4483690} = {11E5B1C2-2D84-4D78-B130-52D7350A45DF}
		{9092EEF5-F497-47BF-9A82-40EF6D637344} = {11E5B1C2-2D84-4D78-B130-52D7350A45DF}
		{5F26103D-E0A0-40BC-81D9-5601A8088294} = {11E5B1C2-2D84-4D78-B130-52D7350A45DF}
	EndGlobalSection
	GlobalSection(ExtensibilityGlobals) = postSolution
		SolutionGuid = {0D11A881-7882-4089-AB82-1F9D46C2C866}
	EndGlobalSection
EndGlobal
